
Microsoft Visual Studio Solution File, Format Version 12.00
# Visual Studio Version 16
VisualStudioVersion = 16.0.31624.102
MinimumVisualStudioVersion = 10.0.40219.1
Project("{FAE04EC0-301F-11D3-BF4B-00C04F79EFBC}") = "Homework_L1", "Homework_L1\Homework_L1.csproj", "{A0DBCFC0-3BD9-4073-878B-2F01AF38E8E7}"
EndProject
Global
	GlobalSection(SolutionConfigurationPlatforms) = preSolution
		Debug|Any CPU = Debug|Any CPU
		Release|Any CPU = Release|Any CPU
	EndGlobalSection
	GlobalSection(ProjectConfigurationPlatforms) = postSolution
		{A0DBCFC0-3BD9-4073-878B-2F01AF38E8E7}.Debug|Any CPU.ActiveCfg = Debug|Any CPU
		{A0DBCFC0-3BD9-4073-878B-2F01AF38E8E7}.Debug|Any CPU.Build.0 = Debug|Any CPU
		{A0DBCFC0-3BD9-4073-878B-2F01AF38E8E7}.Release|Any CPU.ActiveCfg = Release|Any CPU
		{A0DBCFC0-3BD9-4073-878B-2F01AF38E8E7}.Release|Any CPU.Build.0 = Release|Any CPU
	EndGlobalSection
	GlobalSection(SolutionProperties) = preSolution
		HideSolutionNode = FALSE
	EndGlobalSection
	GlobalSection(ExtensibilityGlobals) = postSolution
		SolutionGuid = {37517AC4-66B5-4059-9702-88E525121AA8}
	EndGlobalSection
EndGlobal
